
Microsoft Visual Studio Solution File, Format Version 12.00
# Visual Studio 15
VisualStudioVersion = 15.0.27130.2024
MinimumVisualStudioVersion = 10.0.40219.1
Project("{FAE04EC0-301F-11D3-BF4B-00C04F79EFBC}") = "WindowsFormsApp1", "WindowsFormsApp1\WindowsFormsApp1.csproj", "{FF1288C3-216C-4EFB-95E5-2258D17BE353}"
EndProject
Global
	GlobalSection(SolutionConfigurationPlatforms) = preSolution
		Debug|Any CPU = Debug|Any CPU
		Release|Any CPU = Release|Any CPU
	EndGlobalSection
	GlobalSection(ProjectConfigurationPlatforms) = postSolution
		{FF1288C3-216C-4EFB-95E5-2258D17BE353}.Debug|Any CPU.ActiveCfg = Debug|Any CPU
		{FF1288C3-216C-4EFB-95E5-2258D17BE353}.Debug|Any CPU.Build.0 = Debug|Any CPU
		{FF1288C3-216C-4EFB-95E5-2258D17BE353}.Release|Any CPU.ActiveCfg = Release|Any CPU
		{FF1288C3-216C-4EFB-95E5-2258D17BE353}.Release|Any CPU.Build.0 = Release|Any CPU
	EndGlobalSection
	GlobalSection(SolutionProperties) = preSolution
		HideSolutionNode = FALSE
	EndGlobalSection
	GlobalSection(ExtensibilityGlobals) = postSolution
		SolutionGuid = {BEE46602-0E91-42BF-9447-70A8C02B3E66}
	EndGlobalSection
EndGlobal
